{
  "version": 1,
  "dependencies": {
    "net10.0": {
      "DnaX.MCPFab": {
        "type": "Direct",
        "requested": "[10.0.0-alpha.12, 10.0.0-alpha.12]",
        "resolved": "10.0.0-alpha.12",
        "contentHash": "9jf8AfSDJNWNmvqiNTLU5ktuCO665sOApKJk8bHXQnFC+lLrQbdi1pmMKnkm+qMqDjlBXARPfL+NQw2Nx7AFBQ==",
        "dependencies": {
          "DnaX.MCPFab.Abstractions": "10.0.0-alpha.12",
          "Microsoft.Extensions.Hosting.WindowsServices": "10.0.5",
          "ModelContextProtocol.AspNetCore": "2.2.0",
          "Serilog.AspNetCore": "10.0.0",
          "Serilog.Enrichers.Environment": "3.0.1",
          "Serilog.Enrichers.Process": "3.0.0",
          "Serilog.Enrichers.Thread": "4.0.0",
          "Serilog.Sinks.Console": "6.1.1",
          "Serilog.Sinks.File": "7.0.0"
        }
      },
      "DnaX.MCPFab.Abstractions": {
        "type": "Transitive",
        "resolved": "10.0.0-alpha.12",
        "contentHash": "7UDv1ua84pkRao/4CpmH5Ja4GfTlqSkVmBsgagNcH7Goo9dF36O6swvvvjMJW9Fr54HcHLAc2lsx5Us0a4rluQ=="
      },
      "Microsoft.Extensions.AI.Abstractions": {
        "type": "Transitive",
        "resolved": "10.8.3",
        "contentHash": "K0B05oApxmviWalNHPMBBcRC7erKiDATz3ENNR/jqTR9JwIwLRefgDhj2jCRwL1aca99pXUe0qyQC73/xIuZig=="
      },
      "Microsoft.Extensions.DependencyModel": {
        "type": "Transitive",
        "resolved": "10.0.0",
        "contentHash": "RFYJR7APio/BiqdQunRq6DB+nDB6nc2qhHr77mlvZ0q0BT8PubMXN7XicmfzCbrDE/dzhBnUKBRXLTcqUiZDGg=="
      },
      "Microsoft.Extensions.Hosting.WindowsServices": {
        "type": "Transitive",
        "resolved": "10.0.5",
        "contentHash": "MGzm+eVrf1dviAygMKF72RlqQxawM4Y6ZzXlgj0stCr/6/FHqJ2QMfJzHe7IAYVhJdFQAzPI9UyqlXprxGGFLQ==",
        "dependencies": {
          "System.ServiceProcess.ServiceController": "10.0.5"
        }
      },
      "ModelContextProtocol": {
        "type": "Transitive",
        "resolved": "2.2.0",
        "contentHash": "4Pb9u02Nwsp0poueDsqNdyGRojFxOYpljB7zDBsq+aHL+Afou3OgxlBc3GWFVnsRMRJrUtWqDh3s6k2JgPzmrQ==",
        "dependencies": {
          "ModelContextProtocol.Core": "[2.2.0]"
        }
      },
      "ModelContextProtocol.AspNetCore": {
        "type": "Transitive",
        "resolved": "2.2.0",
        "contentHash": "3JelDMuFIwFzXybsh6K30G6wXu5gmqKnuRnieqgBMuR0FkqqXRv4B+NYZuPgthSyNq5UwRyvv2U2VJBE3RD3PQ==",
        "dependencies": {
          "ModelContextProtocol": "[2.2.0]"
        }
      },
      "ModelContextProtocol.Core": {
        "type": "Transitive",
        "resolved": "2.2.0",
        "contentHash": "FeBfXU6T8k+jw4afg4sfxdEX2rL/e5oKOk9ROOGztu9k47+7Bz08sdaToYt2XvMY1opNbwxYQOFMj6wH9TInhA==",
        "dependencies": {
          "Microsoft.Extensions.AI.Abstractions": "10.8.3"
        }
      },
      "org.k2fsa.sherpa.onnx": {
        "type": "Transitive",
        "resolved": "1.13.8",
        "contentHash": "CVBBX154lJ0STD8At5t0LvnSuOiXRwOI/8YeTvEEd+K1xwbtLZTQ4tQESyGEcfdIXTf+ucaGF4LMpHfI4R5yCw==",
        "dependencies": {
          "org.k2fsa.sherpa.onnx.runtime.android-arm64": "1.13.8",
          "org.k2fsa.sherpa.onnx.runtime.android-x64": "1.13.8",
          "org.k2fsa.sherpa.onnx.runtime.linux-arm64": "1.13.8",
          "org.k2fsa.sherpa.onnx.runtime.linux-x64": "1.13.8",
          "org.k2fsa.sherpa.onnx.runtime.osx-arm64": "1.13.8",
          "org.k2fsa.sherpa.onnx.runtime.osx-x64": "1.13.8",
          "org.k2fsa.sherpa.onnx.runtime.win-arm64": "1.13.8",
          "org.k2fsa.sherpa.onnx.runtime.win-x64": "1.13.8",
          "org.k2fsa.sherpa.onnx.runtime.win-x86": "1.13.8"
        }
      },
      "org.k2fsa.sherpa.onnx.runtime.android-arm64": {
        "type": "Transitive",
        "resolved": "1.13.8",
        "contentHash": "0bEXZHGGu3ywaXjx0nwmHoBkPsVDKQjfC6FpqGGpBLnfokMbvPaGXgFShFW73bW8PSOB4gc9cLrVRkgOImy67A=="
      },
      "org.k2fsa.sherpa.onnx.runtime.android-x64": {
        "type": "Transitive",
        "resolved": "1.13.8",
        "contentHash": "BMltFcQOnoIgWRUDb2lNGF2FHuoWoWMP6DKrJgzsdkRXCIdl3jX0lpbj+etBeW+8wdXmKxREGA2hrvO8h42k0g=="
      },
      "org.k2fsa.sherpa.onnx.runtime.linux-arm64": {
        "type": "Transitive",
        "resolved": "1.13.8",
        "contentHash": "Vg6iDY3YDILvapwKrCrByAnBu2OImxuZNsB0Sg1k+Gox3GV2runHidTZtNTHJZUA9zFdjAz9Ab4HzqsaATjrzg=="
      },
      "org.k2fsa.sherpa.onnx.runtime.linux-x64": {
        "type": "Transitive",
        "resolved": "1.13.8",
        "contentHash": "rqWNcekzaZHKX0xwYHePwGMwa9lb/JiuNh6Cc0f+Jnz6r5U45BdAtqUUJNh9F5DO2d2CuabAbBe3IqkngtVR8w=="
      },
      "org.k2fsa.sherpa.onnx.runtime.osx-arm64": {
        "type": "Transitive",
        "resolved": "1.13.8",
        "contentHash": "lhEqIPi/KlleNXrNMxXLpBrT1e3uONY/Nt0v7kswxXzvOwj89484ylpMu4jns7rpVug0Y/MfFP6kCDuV2CZo5Q=="
      },
      "org.k2fsa.sherpa.onnx.runtime.osx-x64": {
        "type": "Transitive",
        "resolved": "1.13.8",
        "contentHash": "jUYwCbi+y7yNHbAFB3u2pyQihsrdk0fl8tC5yPvaqeLqgfUn1wdsrXsS+maJTx/8Phxfx+HHlcii31zlQHSv2w=="
      },
      "org.k2fsa.sherpa.onnx.runtime.win-arm64": {
        "type": "Transitive",
        "resolved": "1.13.8",
        "contentHash": "EQk0M1dpvIOG9uVtYz7kgkmlrdajQcqbzAPCdTHeOOSYy68biXk1/O8pyHeBwTF9J9i2xDiJq+PtyNc7C8Vmbg=="
      },
      "org.k2fsa.sherpa.onnx.runtime.win-x64": {
        "type": "Transitive",
        "resolved": "1.13.8",
        "contentHash": "qQS9IQTRet05fl82IlM93XLNnuhW50lhepOBR2qzbjxWKjSXFTvx8SlALAoCLDGyURrQ5iOgl97JZFEeIG9A9g=="
      },
      "org.k2fsa.sherpa.onnx.runtime.win-x86": {
        "type": "Transitive",
        "resolved": "1.13.8",
        "contentHash": "QbpkOX0LBcYq/AUZTIlrwz7tPunhqVAFT8A9+JnVw6a6TYRFKvSBwxIWUPbNfpyGYPkTFNunpFIJzcLyiek0gg=="
      },
      "Serilog": {
        "type": "Transitive",
        "resolved": "4.3.0",
        "contentHash": "+cDryFR0GRhsGOnZSKwaDzRRl4MupvJ42FhCE4zhQRVanX0Jpg6WuCBk59OVhVDPmab1bB+nRykAnykYELA9qQ=="
      },
      "Serilog.AspNetCore": {
        "type": "Transitive",
        "resolved": "10.0.0",
        "contentHash": "a/cNa1mY4On1oJlfGG1wAvxjp5g7OEzk/Jf/nm7NF9cWoE7KlZw1GldrifUBWm9oKibHkR7Lg/l5jy3y7ACR8w==",
        "dependencies": {
          "Serilog": "4.3.0",
          "Serilog.Extensions.Hosting": "10.0.0",
          "Serilog.Formatting.Compact": "3.0.0",
          "Serilog.Settings.Configuration": "10.0.0",
          "Serilog.Sinks.Console": "6.1.1",
          "Serilog.Sinks.Debug": "3.0.0",
          "Serilog.Sinks.File": "7.0.0"
        }
      },
      "Serilog.Enrichers.Environment": {
        "type": "Transitive",
        "resolved": "3.0.1",
        "contentHash": "9BqCE4C9FF+/rJb/CsQwe7oVf44xqkOvMwX//CUxvUR25lFL4tSS6iuxE5eW07quby1BAyAEP+vM6TWsnT3iqw==",
        "dependencies": {
          "Serilog": "4.0.0"
        }
      },
      "Serilog.Enrichers.Process": {
        "type": "Transitive",
        "resolved": "3.0.0",
        "contentHash": "/wPYz2PDCJGSHNI+Z0PAacZvrgZgrGduWqLXeC2wvW6pgGM/Bi45JrKy887MRcRPHIZVU0LAlkmJ7TkByC0boQ==",
        "dependencies": {
          "Serilog": "4.0.0"
        }
      },
      "Serilog.Enrichers.Thread": {
        "type": "Transitive",
        "resolved": "4.0.0",
        "contentHash": "C7BK25a1rhUyr+Tp+1BYcVlBJq7M2VCHlIgnwoIUVJcicM9jYcvQK18+OeHiXw7uLPSjqWxJIp1EfaZ/RGmEwA==",
        "dependencies": {
          "Serilog": "4.0.0"
        }
      },
      "Serilog.Extensions.Hosting": {
        "type": "Transitive",
        "resolved": "10.0.0",
        "contentHash": "E7juuIc+gzoGxgzFooFgAV8g9BfiSXNKsUok9NmEpyAXg2odkcPsMa/Yo4axkJRlh0se7mkYQ1GXDaBemR+b6w==",
        "dependencies": {
          "Serilog": "4.3.0",
          "Serilog.Extensions.Logging": "10.0.0"
        }
      },
      "Serilog.Extensions.Logging": {
        "type": "Transitive",
        "resolved": "10.0.0",
        "contentHash": "vx0kABKl2dWbBhhqAfTOk53/i8aV/5VaT3a6il9gn72Wqs2pM7EK2OB6No6xdqK2IaY6Zf9gdjLuK9BVa2rT+Q==",
        "dependencies": {
          "Serilog": "4.2.0"
        }
      },
      "Serilog.Formatting.Compact": {
        "type": "Transitive",
        "resolved": "3.0.0",
        "contentHash": "wQsv14w9cqlfB5FX2MZpNsTawckN4a8dryuNGbebB/3Nh1pXnROHZov3swtu3Nj5oNG7Ba+xdu7Et/ulAUPanQ==",
        "dependencies": {
          "Serilog": "4.0.0"
        }
      },
      "Serilog.Settings.Configuration": {
        "type": "Transitive",
        "resolved": "10.0.0",
        "contentHash": "LNq+ibS1sbhTqPV1FIE69/9AJJbfaOhnaqkzcjFy95o+4U+STsta9mi97f1smgXsWYKICDeGUf8xUGzd/52/uA==",
        "dependencies": {
          "Microsoft.Extensions.DependencyModel": "10.0.0",
          "Serilog": "4.3.0"
        }
      },
      "Serilog.Sinks.Console": {
        "type": "Transitive",
        "resolved": "6.1.1",
        "contentHash": "8jbqgjUyZlfCuSTaJk6lOca465OndqOz3KZP6Cryt/IqZYybyBu7GP0fE/AXBzrrQB3EBmQntBFAvMVz1COvAA==",
        "dependencies": {
          "Serilog": "4.0.0"
        }
      },
      "Serilog.Sinks.Debug": {
        "type": "Transitive",
        "resolved": "3.0.0",
        "contentHash": "4BzXcdrgRX7wde9PmHuYd9U6YqycCC28hhpKonK7hx0wb19eiuRj16fPcPSVp0o/Y1ipJuNLYQ00R3q2Zs8FDA==",
        "dependencies": {
          "Serilog": "4.0.0"
        }
      },
      "Serilog.Sinks.File": {
        "type": "Transitive",
        "resolved": "7.0.0",
        "contentHash": "fKL7mXv7qaiNBUC71ssvn/dU0k9t0o45+qm2XgKAlSt19xF+ijjxyA3R6HmCgfKEKwfcfkwWjayuQtRueZFkYw==",
        "dependencies": {
          "Serilog": "4.2.0"
        }
      },
      "System.ServiceProcess.ServiceController": {
        "type": "Transitive",
        "resolved": "10.0.5",
        "contentHash": "L7pataU51CVJkdfIxpH6wY1buML9zsi9ZVWYaCOLM1AMpd4wQ0StzbOb8OGZAfwCyK/oyKEYcCZrWAi4GgP3lg=="
      },
      "Whisper.net": {
        "type": "Transitive",
        "resolved": "1.9.1",
        "contentHash": "82WAKyyMun44cAXE80sP7vIra1oYhbVp2WrnqJm0CISTfMAvint1k/umt0SvsQH+IkDyekZ3BgMdS3Rag9SZ5A==",
        "dependencies": {
          "Microsoft.Extensions.AI.Abstractions": "10.2.0"
        }
      },
      "Whisper.net.Runtime": {
        "type": "Transitive",
        "resolved": "1.9.1",
        "contentHash": "TipPJkry69VwJ3XL38U082QK5Trqte6NgSOoosuyj/C1eRHabmBbLQ3ujjcDryg5pkXT7wXwAKU5+PxGIJyxkQ==",
        "dependencies": {
          "Whisper.net.Runtime.Metal": "1.9.1"
        }
      },
      "Whisper.net.Runtime.Metal": {
        "type": "Transitive",
        "resolved": "1.9.1",
        "contentHash": "Ut5tZyCUwXMVdThoLvdvQ7GyLwjRMreR/p3LuMJvRiXidQ2AXxx2Tv8UOGtMxvL395AC3+IkHdN/kMfd+EPSEw=="
      },
      "roughcut-diarization": {
        "type": "Project",
        "dependencies": {
          "RoughCut.Speech.Sherpa": "[1.0.0, )"
        }
      },
      "roughcut.application": {
        "type": "Project",
        "dependencies": {
          "RoughCut.Media": "[1.0.0, )"
        }
      },
      "roughcut.core": {
        "type": "Project"
      },
      "roughcut.media": {
        "type": "Project",
        "dependencies": {
          "RoughCut.Core": "[1.0.0, )"
        }
      },
      "roughcut.speech.sherpa": {
        "type": "Project",
        "dependencies": {
          "RoughCut.Application": "[1.0.0, )",
          "org.k2fsa.sherpa.onnx": "[1.13.8, 1.13.8]"
        }
      },
      "roughcut.speech.whisper": {
        "type": "Project",
        "dependencies": {
          "RoughCut.Application": "[1.0.0, )",
          "Whisper.net": "[1.9.1, 1.9.1]",
          "Whisper.net.Runtime": "[1.9.1, 1.9.1]"
        }
      }
    },
    "net10.0/linux-x64": {
      "org.k2fsa.sherpa.onnx.runtime.android-arm64": {
        "type": "Transitive",
        "resolved": "1.13.8",
        "contentHash": "0bEXZHGGu3ywaXjx0nwmHoBkPsVDKQjfC6FpqGGpBLnfokMbvPaGXgFShFW73bW8PSOB4gc9cLrVRkgOImy67A=="
      },
      "org.k2fsa.sherpa.onnx.runtime.android-x64": {
        "type": "Transitive",
        "resolved": "1.13.8",
        "contentHash": "BMltFcQOnoIgWRUDb2lNGF2FHuoWoWMP6DKrJgzsdkRXCIdl3jX0lpbj+etBeW+8wdXmKxREGA2hrvO8h42k0g=="
      },
      "org.k2fsa.sherpa.onnx.runtime.linux-arm64": {
        "type": "Transitive",
        "resolved": "1.13.8",
        "contentHash": "Vg6iDY3YDILvapwKrCrByAnBu2OImxuZNsB0Sg1k+Gox3GV2runHidTZtNTHJZUA9zFdjAz9Ab4HzqsaATjrzg=="
      },
      "org.k2fsa.sherpa.onnx.runtime.linux-x64": {
        "type": "Transitive",
        "resolved": "1.13.8",
        "contentHash": "rqWNcekzaZHKX0xwYHePwGMwa9lb/JiuNh6Cc0f+Jnz6r5U45BdAtqUUJNh9F5DO2d2CuabAbBe3IqkngtVR8w=="
      },
      "org.k2fsa.sherpa.onnx.runtime.osx-arm64": {
        "type": "Transitive",
        "resolved": "1.13.8",
        "contentHash": "lhEqIPi/KlleNXrNMxXLpBrT1e3uONY/Nt0v7kswxXzvOwj89484ylpMu4jns7rpVug0Y/MfFP6kCDuV2CZo5Q=="
      },
      "org.k2fsa.sherpa.onnx.runtime.osx-x64": {
        "type": "Transitive",
        "resolved": "1.13.8",
        "contentHash": "jUYwCbi+y7yNHbAFB3u2pyQihsrdk0fl8tC5yPvaqeLqgfUn1wdsrXsS+maJTx/8Phxfx+HHlcii31zlQHSv2w=="
      },
      "org.k2fsa.sherpa.onnx.runtime.win-arm64": {
        "type": "Transitive",
        "resolved": "1.13.8",
        "contentHash": "EQk0M1dpvIOG9uVtYz7kgkmlrdajQcqbzAPCdTHeOOSYy68biXk1/O8pyHeBwTF9J9i2xDiJq+PtyNc7C8Vmbg=="
      },
      "org.k2fsa.sherpa.onnx.runtime.win-x64": {
        "type": "Transitive",
        "resolved": "1.13.8",
        "contentHash": "qQS9IQTRet05fl82IlM93XLNnuhW50lhepOBR2qzbjxWKjSXFTvx8SlALAoCLDGyURrQ5iOgl97JZFEeIG9A9g=="
      },
      "org.k2fsa.sherpa.onnx.runtime.win-x86": {
        "type": "Transitive",
        "resolved": "1.13.8",
        "contentHash": "QbpkOX0LBcYq/AUZTIlrwz7tPunhqVAFT8A9+JnVw6a6TYRFKvSBwxIWUPbNfpyGYPkTFNunpFIJzcLyiek0gg=="
      },
      "System.ServiceProcess.ServiceController": {
        "type": "Transitive",
        "resolved": "10.0.5",
        "contentHash": "L7pataU51CVJkdfIxpH6wY1buML9zsi9ZVWYaCOLM1AMpd4wQ0StzbOb8OGZAfwCyK/oyKEYcCZrWAi4GgP3lg=="
      }
    },
    "net10.0/win-x64": {
      "org.k2fsa.sherpa.onnx.runtime.android-arm64": {
        "type": "Transitive",
        "resolved": "1.13.8",
        "contentHash": "0bEXZHGGu3ywaXjx0nwmHoBkPsVDKQjfC6FpqGGpBLnfokMbvPaGXgFShFW73bW8PSOB4gc9cLrVRkgOImy67A=="
      },
      "org.k2fsa.sherpa.onnx.runtime.android-x64": {
        "type": "Transitive",
        "resolved": "1.13.8",
        "contentHash": "BMltFcQOnoIgWRUDb2lNGF2FHuoWoWMP6DKrJgzsdkRXCIdl3jX0lpbj+etBeW+8wdXmKxREGA2hrvO8h42k0g=="
      },
      "org.k2fsa.sherpa.onnx.runtime.linux-arm64": {
        "type": "Transitive",
        "resolved": "1.13.8",
        "contentHash": "Vg6iDY3YDILvapwKrCrByAnBu2OImxuZNsB0Sg1k+Gox3GV2runHidTZtNTHJZUA9zFdjAz9Ab4HzqsaATjrzg=="
      },
      "org.k2fsa.sherpa.onnx.runtime.linux-x64": {
        "type": "Transitive",
        "resolved": "1.13.8",
        "contentHash": "rqWNcekzaZHKX0xwYHePwGMwa9lb/JiuNh6Cc0f+Jnz6r5U45BdAtqUUJNh9F5DO2d2CuabAbBe3IqkngtVR8w=="
      },
      "org.k2fsa.sherpa.onnx.runtime.osx-arm64": {
        "type": "Transitive",
        "resolved": "1.13.8",
        "contentHash": "lhEqIPi/KlleNXrNMxXLpBrT1e3uONY/Nt0v7kswxXzvOwj89484ylpMu4jns7rpVug0Y/MfFP6kCDuV2CZo5Q=="
      },
      "org.k2fsa.sherpa.onnx.runtime.osx-x64": {
        "type": "Transitive",
        "resolved": "1.13.8",
        "contentHash": "jUYwCbi+y7yNHbAFB3u2pyQihsrdk0fl8tC5yPvaqeLqgfUn1wdsrXsS+maJTx/8Phxfx+HHlcii31zlQHSv2w=="
      },
      "org.k2fsa.sherpa.onnx.runtime.win-arm64": {
        "type": "Transitive",
        "resolved": "1.13.8",
        "contentHash": "EQk0M1dpvIOG9uVtYz7kgkmlrdajQcqbzAPCdTHeOOSYy68biXk1/O8pyHeBwTF9J9i2xDiJq+PtyNc7C8Vmbg=="
      },
      "org.k2fsa.sherpa.onnx.runtime.win-x64": {
        "type": "Transitive",
        "resolved": "1.13.8",
        "contentHash": "qQS9IQTRet05fl82IlM93XLNnuhW50lhepOBR2qzbjxWKjSXFTvx8SlALAoCLDGyURrQ5iOgl97JZFEeIG9A9g=="
      },
      "org.k2fsa.sherpa.onnx.runtime.win-x86": {
        "type": "Transitive",
        "resolved": "1.13.8",
        "contentHash": "QbpkOX0LBcYq/AUZTIlrwz7tPunhqVAFT8A9+JnVw6a6TYRFKvSBwxIWUPbNfpyGYPkTFNunpFIJzcLyiek0gg=="
      },
      "System.ServiceProcess.ServiceController": {
        "type": "Transitive",
        "resolved": "10.0.5",
        "contentHash": "L7pataU51CVJkdfIxpH6wY1buML9zsi9ZVWYaCOLM1AMpd4wQ0StzbOb8OGZAfwCyK/oyKEYcCZrWAi4GgP3lg=="
      }
    }
  }
}